
Microsoft Visual Studio Solution File, Format Version 12.00
# Visual Studio Version 16
VisualStudioVersion = 16.0.30621.155
MinimumVisualStudioVersion = 10.0.40219.1
Project("{FAE04EC0-301F-11D3-BF4B-00C04F79EFBC}") = "TCRMDataManager", "TCRMDataManager\TCRMDataManager.csproj", "{BB2E9E8F-A373-4AF4-B19E-3F18B12D996C}"
EndProject
Global
	GlobalSection(SolutionConfigurationPlatforms) = preSolution
		Debug|Any CPU = Debug|Any CPU
		Release|Any CPU = Release|Any CPU
	EndGlobalSection
	GlobalSection(ProjectConfigurationPlatforms) = postSolution
		{BB2E9E8F-A373-4AF4-B19E-3F18B12D996C}.Debug|Any CPU.ActiveCfg = Debug|Any CPU
		{BB2E9E8F-A373-4AF4-B19E-3F18B12D996C}.Debug|Any CPU.Build.0 = Debug|Any CPU
		{BB2E9E8F-A373-4AF4-B19E-3F18B12D996C}.Release|Any CPU.ActiveCfg = Release|Any CPU
		{BB2E9E8F-A373-4AF4-B19E-3F18B12D996C}.Release|Any CPU.Build.0 = Release|Any CPU
	EndGlobalSection
	GlobalSection(SolutionProperties) = preSolution
		HideSolutionNode = FALSE
	EndGlobalSection
	GlobalSection(ExtensibilityGlobals) = postSolution
		SolutionGuid = {E587AF83-B805-436F-AF7F-B3D6DBE7D6C0}
	EndGlobalSection
EndGlobal
